{
    "_readme": [
        "This file locks the dependencies of your project to a known state",
        "Read more about it at https://getcomposer.org/doc/01-basic-usage.md#composer-lock-the-lock-file",
        "This file is @generated automatically"
    ],
    "content-hash": "08b23325205e23dcea2f3c4335b77aa2",
    "packages": [
        {
            "name": "container-interop/container-interop",
            "version": "1.2.0",
            "source": {
                "type": "git",
                "url": "https://github.com/container-interop/container-interop.git",
                "reference": "79cbf1341c22ec75643d841642dd5d6acd83bdb8"
            },
            "dist": {
                "type": "zip",
                "url": "https://api.github.com/repos/container-interop/container-interop/zipball/79cbf1341c22ec75643d841642dd5d6acd83bdb8",
                "reference": "79cbf1341c22ec75643d841642dd5d6acd83bdb8",
                "shasum": ""
            },
            "require": {
                "psr/container": "^1.0"
            },
            "type": "library",
            "autoload": {
                "psr-4": {
                    "Interop\\Container\\": "src/Interop/Container/"
                }
            },
            "notification-url": "https://packagist.org/downloads/",
            "license": [
                "MIT"
            ],
            "description": "Promoting the interoperability of container objects (DIC, SL, etc.)",
            "homepage": "https://github.com/container-interop/container-interop",
            "time": "2017-02-14T19:40:03+00:00"
        },
        {
            "name": "container-interop/service-provider",
            "version": "v0.3.0",
            "source": {
                "type": "git",
                "url": "https://github.com/container-interop/service-provider.git",
                "reference": "5cb38893b836edb00d3e1ace26c20ee1d29957cf"
            },
            "dist": {
                "type": "zip",
                "url": "https://api.github.com/repos/container-interop/service-provider/zipball/5cb38893b836edb00d3e1ace26c20ee1d29957cf",
                "reference": "5cb38893b836edb00d3e1ace26c20ee1d29957cf",
                "shasum": ""
            },
            "require": {
                "container-interop/container-interop": "^1.1"
            },
            "type": "library",
            "autoload": {
                "psr-4": {
                    "Interop\\Container\\": "src/"
                }
            },
            "notification-url": "https://packagist.org/downloads/",
            "license": [
                "MIT"
            ],
            "description": "Promoting container interoperability through standard service providers",
            "homepage": "https://github.com/container-interop/service-provider",
            "time": "2016-05-16T07:42:22+00:00"
        },
        {
            "name": "ezyang/htmlpurifier",
            "version": "v4.8.0",
            "source": {
                "type": "git",
                "url": "https://github.com/ezyang/htmlpurifier.git",
                "reference": "d0c392f77d2f2a3dcf7fcb79e2a1e2b8804e75b2"
            },
            "dist": {
                "type": "zip",
                "url": "https://api.github.com/repos/ezyang/htmlpurifier/zipball/d0c392f77d2f2a3dcf7fcb79e2a1e2b8804e75b2",
                "reference": "d0c392f77d2f2a3dcf7fcb79e2a1e2b8804e75b2",
                "shasum": ""
            },
            "require": {
                "php": ">=5.2"
            },
            "type": "library",
            "autoload": {
                "psr-0": {
                    "HTMLPurifier": "library/"
                },
                "files": [
                    "library/HTMLPurifier.composer.php"
                ]
            },
            "notification-url": "https://packagist.org/downloads/",
            "license": [
                "LGPL"
            ],
            "authors": [
                {
                    "name": "Edward Z. Yang",
                    "email": "admin@htmlpurifier.org",
                    "homepage": "http://ezyang.com"
                }
            ],
            "description": "Standards compliant HTML filter written in PHP",
            "homepage": "http://htmlpurifier.org/",
            "keywords": [
                "html"
            ],
            "time": "2016-07-16T12:58:58+00:00"
        },
        {
            "name": "imagecow/imagecow",
            "version": "v2.1.6",
            "source": {
                "type": "git",
                "url": "https://github.com/oscarotero/imagecow.git",
                "reference": "b168cfe786cf7feb2218dec16f1660d81d7e2bd5"
            },
            "dist": {
                "type": "zip",
                "url": "https://api.github.com/repos/oscarotero/imagecow/zipball/b168cfe786cf7feb2218dec16f1660d81d7e2bd5",
                "reference": "b168cfe786cf7feb2218dec16f1660d81d7e2bd5",
                "shasum": ""
            },
            "require": {
                "php": ">=5.5"
            },
            "type": "library",
            "autoload": {
                "psr-4": {
                    "Imagecow\\": "src"
                }
            },
            "notification-url": "https://packagist.org/downloads/",
            "license": [
                "MIT"
            ],
            "authors": [
                {
                    "name": "Oscar Otero",
                    "email": "oom@oscarotero.com",
                    "homepage": "http://oscarotero.com",
                    "role": "Developer"
                }
            ],
            "description": "PHP library to manipulate and generate responsive images",
            "homepage": "https://github.com/oscarotero/imagecow/",
            "keywords": [
                "image"
            ],
            "time": "2016-12-11T15:27:37+00:00"
        },
        {
            "name": "james-heinrich/getid3",
            "version": "v1.9.13",
            "source": {
                "type": "git",
                "url": "https://github.com/JamesHeinrich/getID3.git",
                "reference": "b9a8564e56bdcc294dc7ade32a7f67885bed3778"
            },
            "dist": {
                "type": "zip",
                "url": "https://api.github.com/repos/JamesHeinrich/getID3/zipball/b9a8564e56bdcc294dc7ade32a7f67885bed3778",
                "reference": "b9a8564e56bdcc294dc7ade32a7f67885bed3778",
                "shasum": ""
            },
            "require": {
                "php": ">=5.3.0"
            },
            "type": "library",
            "autoload": {
                "classmap": [
                    "getid3/"
                ]
            },
            "license": [
                "GPL"
            ],
            "description": "PHP script that extracts useful information from popular multimedia file formats",
            "homepage": "http://www.getid3.org/",
            "keywords": [
                "codecs",
                "php",
                "tags"
            ],
            "support": {
                "source": "https://github.com/JamesHeinrich/getID3/tree/v1.9.13",
                "issues": "https://github.com/JamesHeinrich/getID3/issues"
            },
            "time": "2016-12-14T14:29:29+00:00"
        },
        {
            "name": "live627/elkarte-addon-helper",
            "version": "dev-develop",
            "source": {
                "type": "git",
                "url": "https://github.com/live627/elkarte-addon-helper.git",
                "reference": "ea7945420a772bfd8e304611e8c6c9c33be8090b"
            },
            "dist": {
                "type": "zip",
                "url": "https://api.github.com/repos/live627/elkarte-addon-helper/zipball/ea7945420a772bfd8e304611e8c6c9c33be8090b",
                "reference": "ea7945420a772bfd8e304611e8c6c9c33be8090b",
                "shasum": ""
            },
            "require": {
                "ezyang/htmlpurifier": "~4.8",
                "mnapoli/simplex": "0.2.1",
                "paragonie/random_compat": "~2.0",
                "php": ">=5.5.0",
                "symfony/http-foundation": "~3.1"
            },
            "require-dev": {
                "elkarte/elkarte": "dev-development",
                "phpunit/phpunit": "~4|~5",
                "suki/ohara": "1.0.*"
            },
            "type": "library",
            "autoload": {
                "psr-4": {
                    "live627\\AddonHelper\\": "src/"
                }
            },
            "license": [
                "MIT"
            ],
            "authors": [
                {
                    "name": "John Rayes",
                    "email": "live627@gmail.com",
                    "role": "Developer"
                }
            ],
            "description": "Collection of scripts to act as the backbone for ElkArte addons",
            "homepage": "https://github.com/live627/elkarte-addon-helper",
            "keywords": [
                "ElkArte",
                "addons"
            ],
            "support": {
                "source": "https://github.com/live627/elkarte-addon-helper/tree/develop",
                "issues": "https://github.com/live627/elkarte-addon-helper/issues"
            },
            "time": "2017-01-22 20:22:06"
        },
        {
            "name": "mnapoli/simplex",
            "version": "0.2.1",
            "source": {
                "type": "git",
                "url": "https://github.com/mnapoli/simplex.git",
                "reference": "566bf351d50ba2b35eea7b4247a78521ce78f66c"
            },
            "dist": {
                "type": "zip",
                "url": "https://api.github.com/repos/mnapoli/simplex/zipball/566bf351d50ba2b35eea7b4247a78521ce78f66c",
                "reference": "566bf351d50ba2b35eea7b4247a78521ce78f66c",
                "shasum": ""
            },
            "require": {
                "container-interop/container-interop": "^1.0",
                "container-interop/service-provider": "~0.3.0",
                "php": ">=5.3.0"
            },
            "require-dev": {
                "phpunit/phpunit": "~4.0"
            },
            "type": "library",
            "autoload": {
                "psr-0": {
                    "Simplex": "src/"
                }
            },
            "notification-url": "https://packagist.org/downloads/",
            "license": [
                "MIT"
            ],
            "authors": [
                {
                    "name": "Fabien Potencier",
                    "email": "fabien@symfony.com"
                },
                {
                    "name": "Matthieu Napoli",
                    "email": "matthieu@mnapoli.fr"
                }
            ],
            "description": "Pimple fork with full container-interop support",
            "homepage": "https://github.com/mnapoli/simplex",
            "keywords": [
                "container",
                "dependency injection"
            ],
            "time": "2016-06-01T11:15:54+00:00"
        },
        {
            "name": "paragonie/random_compat",
            "version": "v2.0.4",
            "source": {
                "type": "git",
                "url": "https://github.com/paragonie/random_compat.git",
                "reference": "a9b97968bcde1c4de2a5ec6cbd06a0f6c919b46e"
            },
            "dist": {
                "type": "zip",
                "url": "https://api.github.com/repos/paragonie/random_compat/zipball/a9b97968bcde1c4de2a5ec6cbd06a0f6c919b46e",
                "reference": "a9b97968bcde1c4de2a5ec6cbd06a0f6c919b46e",
                "shasum": ""
            },
            "require": {
                "php": ">=5.2.0"
            },
            "require-dev": {
                "phpunit/phpunit": "4.*|5.*"
            },
            "suggest": {
                "ext-libsodium": "Provides a modern crypto API that can be used to generate random bytes."
            },
            "type": "library",
            "autoload": {
                "files": [
                    "lib/random.php"
                ]
            },
            "notification-url": "https://packagist.org/downloads/",
            "license": [
                "MIT"
            ],
            "authors": [
                {
                    "name": "Paragon Initiative Enterprises",
                    "email": "security@paragonie.com",
                    "homepage": "https://paragonie.com"
                }
            ],
            "description": "PHP 5.x polyfill for random_bytes() and random_int() from PHP 7",
            "keywords": [
                "csprng",
                "pseudorandom",
                "random"
            ],
            "time": "2016-11-07T23:38:38+00:00"
        },
        {
            "name": "psr/container",
            "version": "dev-master",
            "source": {
                "type": "git",
                "url": "https://github.com/php-fig/container.git",
                "reference": "b7ce3b176482dbbc1245ebf52b181af44c2cf55f"
            },
            "dist": {
                "type": "zip",
                "url": "https://api.github.com/repos/php-fig/container/zipball/b7ce3b176482dbbc1245ebf52b181af44c2cf55f",
                "reference": "b7ce3b176482dbbc1245ebf52b181af44c2cf55f",
                "shasum": ""
            },
            "require": {
                "php": ">=5.3.0"
            },
            "type": "library",
            "extra": {
                "branch-alias": {
                    "dev-master": "1.0.x-dev"
                }
            },
            "autoload": {
                "psr-4": {
                    "Psr\\Container\\": "src/"
                }
            },
            "notification-url": "https://packagist.org/downloads/",
            "license": [
                "MIT"
            ],
            "authors": [
                {
                    "name": "PHP-FIG",
                    "homepage": "http://www.php-fig.org/"
                }
            ],
            "description": "Common Container Interface (PHP FIG PSR-11)",
            "homepage": "https://github.com/php-fig/container",
            "keywords": [
                "PSR-11",
                "container",
                "container-interface",
                "container-interop",
                "psr"
            ],
            "time": "2017-02-14 16:28:37"
        },
        {
            "name": "symfony/filesystem",
            "version": "dev-master",
            "source": {
                "type": "git",
                "url": "https://github.com/symfony/filesystem.git",
                "reference": "5755830b51f2c2f4d9e0b5957b26436f3b507dce"
            },
            "dist": {
                "type": "zip",
                "url": "https://api.github.com/repos/symfony/filesystem/zipball/5755830b51f2c2f4d9e0b5957b26436f3b507dce",
                "reference": "5755830b51f2c2f4d9e0b5957b26436f3b507dce",
                "shasum": ""
            },
            "require": {
                "php": ">=5.5.9"
            },
            "type": "library",
            "extra": {
                "branch-alias": {
                    "dev-master": "3.3-dev"
                }
            },
            "autoload": {
                "psr-4": {
                    "Symfony\\Component\\Filesystem\\": ""
                },
                "exclude-from-classmap": [
                    "/Tests/"
                ]
            },
            "notification-url": "https://packagist.org/downloads/",
            "license": [
                "MIT"
            ],
            "authors": [
                {
                    "name": "Fabien Potencier",
                    "email": "fabien@symfony.com"
                },
                {
                    "name": "Symfony Community",
                    "homepage": "https://symfony.com/contributors"
                }
            ],
            "description": "Symfony Filesystem Component",
            "homepage": "https://symfony.com",
            "time": "2017-02-18 17:35:19"
        },
        {
            "name": "symfony/http-foundation",
            "version": "dev-master",
            "source": {
                "type": "git",
                "url": "https://github.com/symfony/http-foundation.git",
                "reference": "9723780247b0c207f4937e8f31163a0c2d7231f5"
            },
            "dist": {
                "type": "zip",
                "url": "https://api.github.com/repos/symfony/http-foundation/zipball/9723780247b0c207f4937e8f31163a0c2d7231f5",
                "reference": "9723780247b0c207f4937e8f31163a0c2d7231f5",
                "shasum": ""
            },
            "require": {
                "php": ">=5.5.9",
                "symfony/polyfill-mbstring": "~1.1"
            },
            "require-dev": {
                "symfony/expression-language": "~2.8|~3.0"
            },
            "type": "library",
            "extra": {
                "branch-alias": {
                    "dev-master": "3.3-dev"
                }
            },
            "autoload": {
                "psr-4": {
                    "Symfony\\Component\\HttpFoundation\\": ""
                },
                "exclude-from-classmap": [
                    "/Tests/"
                ]
            },
            "notification-url": "https://packagist.org/downloads/",
            "license": [
                "MIT"
            ],
            "authors": [
                {
                    "name": "Fabien Potencier",
                    "email": "fabien@symfony.com"
                },
                {
                    "name": "Symfony Community",
                    "homepage": "https://symfony.com/contributors"
                }
            ],
            "description": "Symfony HttpFoundation Component",
            "homepage": "https://symfony.com",
            "time": "2017-02-21 10:07:34"
        },
        {
            "name": "symfony/polyfill-mbstring",
            "version": "dev-master",
            "source": {
                "type": "git",
                "url": "https://github.com/symfony/polyfill-mbstring.git",
                "reference": "e79d363049d1c2128f133a2667e4f4190904f7f4"
            },
            "dist": {
                "type": "zip",
                "url": "https://api.github.com/repos/symfony/polyfill-mbstring/zipball/e79d363049d1c2128f133a2667e4f4190904f7f4",
                "reference": "e79d363049d1c2128f133a2667e4f4190904f7f4",
                "shasum": ""
            },
            "require": {
                "php": ">=5.3.3"
            },
            "suggest": {
                "ext-mbstring": "For best performance"
            },
            "type": "library",
            "extra": {
                "branch-alias": {
                    "dev-master": "1.3-dev"
                }
            },
            "autoload": {
                "psr-4": {
                    "Symfony\\Polyfill\\Mbstring\\": ""
                },
                "files": [
                    "bootstrap.php"
                ]
            },
            "notification-url": "https://packagist.org/downloads/",
            "license": [
                "MIT"
            ],
            "authors": [
                {
                    "name": "Nicolas Grekas",
                    "email": "p@tchwork.com"
                },
                {
                    "name": "Symfony Community",
                    "homepage": "https://symfony.com/contributors"
                }
            ],
            "description": "Symfony polyfill for the Mbstring extension",
            "homepage": "https://symfony.com",
            "keywords": [
                "compatibility",
                "mbstring",
                "polyfill",
                "portable",
                "shim"
            ],
            "time": "2016-11-14 01:06:16"
        }
    ],
    "packages-dev": [],
    "aliases": [],
    "minimum-stability": "dev",
    "stability-flags": {
        "live627/elkarte-addon-helper": 20
    },
    "prefer-stable": false,
    "prefer-lowest": false,
    "platform": {
        "php": ">=5.5"
    },
    "platform-dev": []
}
